# THIS IS AN AUTOGENERATED FILE. DO NOT EDIT THIS FILE DIRECTLY.
# yarn lockfile v1


faker@^4.1.0:
  version "4.1.0"
  resolved "https://registry.yarnpkg.com/faker/-/faker-4.1.0.tgz#1e45bbbecc6774b3c195fad2835109c6d748cc3f"

nats@^0.7.20:
  version "0.7.24"
  resolved "https://registry.yarnpkg.com/nats/-/nats-0.7.24.tgz#7d27687c2dbd8aa6058a990fee6cf5c1bdc87628"
  dependencies:
    nuid ">=0.6.8"

nuid@>=0.6.8:
  version "0.6.14"
  resolved "https://registry.yarnpkg.com/nuid/-/nuid-0.6.14.tgz#a225c8b720e46c563ad8d13641368669f6c25b48"
