# THIS IS AN AUTOGENERATED FILE. DO NOT EDIT THIS FILE DIRECTLY.
# yarn lockfile v1


co@^4.6.0:
  version "4.6.0"
  resolved "https://registry.yarnpkg.com/co/-/co-4.6.0.tgz#6ea6bdf3d853ae54ccb8e47bfa0bf3f9031fb184"

faker@^4.1.0:
  version "4.1.0"
  resolved "https://registry.yarnpkg.com/faker/-/faker-4.1.0.tgz#1e45bbbecc6774b3c195fad2835109c6d748cc3f"

nats@^0.7.20:
  version "0.7.20"
  resolved "https://registry.yarnpkg.com/nats/-/nats-0.7.20.tgz#f951d815e2dddce65cd0dda5fb0124ebc0936dd9"
  dependencies:
    nuid ">=0.6.8"

nuid@>=0.6.8:
  version "0.6.12"
  resolved "https://registry.yarnpkg.com/nuid/-/nuid-0.6.12.tgz#5f044a0d1e9e84fb93d4be08e44a611a276a3bd0"
